
Microsoft Visual Studio Solution File, Format Version 12.00
# Visual Studio Version 16
VisualStudioVersion = 16.0.31515.178
MinimumVisualStudioVersion = 10.0.40219.1
Project("{FAE04EC0-301F-11D3-BF4B-00C04F79EFBC}") = "UserAccessLibrary", "UserAccessLibrary\UserAccessLibrary.csproj", "{C61C976D-BE1E-451D-A4CE-D5F7527DA584}"
EndProject
Project("{FAE04EC0-301F-11D3-BF4B-00C04F79EFBC}") = "UserAccessApp", "UserAccessApp\UserAccessApp.csproj", "{AC19543A-5406-4AAD-A504-8A2D2314AD13}"
EndProject
Global
	GlobalSection(SolutionConfigurationPlatforms) = preSolution
		Debug|Any CPU = Debug|Any CPU
		Release|Any CPU = Release|Any CPU
	EndGlobalSection
	GlobalSection(ProjectConfigurationPlatforms) = postSolution
		{C61C976D-BE1E-451D-A4CE-D5F7527DA584}.Debug|Any CPU.ActiveCfg = Debug|Any CPU
		{C61C976D-BE1E-451D-A4CE-D5F7527DA584}.Debug|Any CPU.Build.0 = Debug|Any CPU
		{C61C976D-BE1E-451D-A4CE-D5F7527DA584}.Release|Any CPU.ActiveCfg = Release|Any CPU
		{C61C976D-BE1E-451D-A4CE-D5F7527DA584}.Release|Any CPU.Build.0 = Release|Any CPU
		{AC19543A-5406-4AAD-A504-8A2D2314AD13}.Debug|Any CPU.ActiveCfg = Debug|Any CPU
		{AC19543A-5406-4AAD-A504-8A2D2314AD13}.Debug|Any CPU.Build.0 = Debug|Any CPU
		{AC19543A-5406-4AAD-A504-8A2D2314AD13}.Release|Any CPU.ActiveCfg = Release|Any CPU
		{AC19543A-5406-4AAD-A504-8A2D2314AD13}.Release|Any CPU.Build.0 = Release|Any CPU
	EndGlobalSection
	GlobalSection(SolutionProperties) = preSolution
		HideSolutionNode = FALSE
	EndGlobalSection
	GlobalSection(ExtensibilityGlobals) = postSolution
		SolutionGuid = {D62EF173-9274-4F0F-A629-9038640EE92C}
	EndGlobalSection
EndGlobal
